{
    "_meta": {
        "hash": {
            "sha256": "35eafc33b8ebd17e19897c325ff44314de83768719a2a7ad0bfe2c8e70933671"
        },
        "host-environment-markers": {
            "implementation_name": "cpython",
            "implementation_version": "3.6.0",
            "os_name": "nt",
            "platform_machine": "AMD64",
            "platform_python_implementation": "CPython",
            "platform_release": "10",
            "platform_system": "Windows",
            "platform_version": "10.0.15063",
            "python_full_version": "3.6.0",
            "python_version": "3.6",
            "sys_platform": "win32"
        },
        "pipfile-spec": 6,
        "requires": {},
        "sources": [
            {
                "name": "pypi",
                "url": "https://pypi.python.org/simple",
                "verify_ssl": true
            }
        ]
    },
    "default": {
        "aiodns": {
            "hashes": [
                "sha256:99d0652f2c02f73bfa646bf44af82705260a523014576647d7959e664830b26b",
                "sha256:d8677adc679ce8d0ef706c14d9c3d2f27a0e0cc11d59730cdbaf218ad52dd9ea"
            ],
            "version": "==1.1.1"
        },
        "aiohttp": {
            "hashes": [
                "sha256:7a2029dcb3e59d70c4520ce95c477577962753b302e3b969c3c97043bd20bc40",
                "sha256:cca6a8715694e0913419b6c0712e33e77d59b73428dd7e9ff18e27851df53a94",
                "sha256:c45d2f20357f04ebb9957074a5139316c01c635f21a54f833ce560846dee795c",
                "sha256:3aaf110f4635db5a1d01f624e441cbcf9c23490d113d8b0c5727f119136d5663",
                "sha256:524107f04ead82e0684f4bcd915fc3d5c936dbcf86d017b8339e396005879085",
                "sha256:14e2f6cd6bc9e40fc79d6d2573fc08231546418f116dcbd30942fb57eec92104",
                "sha256:74ccdd450da8fb2ac29add97624ee4b573c8891b14c7b833a954343f05aa8772",
                "sha256:cc1eee0746ab0c876e246960fdb5a839e63e673b8089c79a4c21f4cba66bcd00",
                "sha256:dbe39eac8a05e2e3b6b8a656dce589bbe3a0d1ab2816e44e64b7595b7bfc1568",
                "sha256:8c14ca8069c0b04aa1c47ec26c494b56bf9dec8085c8cadc655b9cad9719a0df",
                "sha256:2fcec70bcb60f86b1abdf2c9d28b65e53c52a2325001f2cf7ef7afa5bd5387f4",
                "sha256:3d0a11291d70d82a58dd404a89f0a5294e2b2008cf33f8bbac91dbcf3241fcbe",
                "sha256:e20e1b73e7da29b45915cde65fbec1693df221024522bbc38f017e6de101482a",
                "sha256:d367eba9aed4f10ee7a85cdfbfe2a2f492c36d0e34785b97cbc9e9c3b3168c12",
                "sha256:65388aeda85d72b8219c3f8ba33261bc8576da0852e758c555eb17ca2a3069c4",
                "sha256:6be8389b9de30d31946b1ed3cbec37427646851b763e2f4cab1ba0b87709c3af",
                "sha256:f25aac47a1b6e784de0dc4fae2ce1aeaf1c0717801632eec17a304b21e34056f",
                "sha256:dc118fae7e6353166a51caecc2044cd3390688fce57d2330b803fc86ffb48b2e",
                "sha256:850061409274d2528ff78f773da680eab57efd08efadfe035a92c1c20a46964b",
                "sha256:d5ea7feae3cd8e64469ca9d3a6da4981f251b884997007e073cdebc0919a3b55",
                "sha256:d944aacf988a32ccbe62d3f2533ed8beb1c08dbed96260c5f1cd76fae0539f5c",
                "sha256:0111b4c71d1121bfcbd392bbabd573d20f133f491161b87718a07976e0459c32"
            ],
            "version": "==2.3.6"
        },
        "aitertools": {
            "hashes": [
                "sha256:365b51839972ce8ac30acaa4c8682c62bc0678cc21a39709cea4639a2e821249"
            ],
            "version": "==0.1.0"
        },
        "async-timeout": {
            "hashes": [
                "sha256:d3a195a827b0f4068d1616ae2da04aac62e365d14f2b13dbc071f9feed9db4e2",
                "sha256:c17d8ac2d735d59aa62737d76f2787a6c938f5a944ecf768a8c0ab70b0dea566"
            ],
            "version": "==2.0.0"
        },
        "chardet": {
            "hashes": [
                "sha256:fc323ffcaeaed0e0a02bf4d117757b98aed530d9ed4531e3e15460124c106691",
                "sha256:84ab92ed1c4d4f16916e05906b6b75a6c0fb5db821cc65e70cbd64a3e2a5eaae"
            ],
            "version": "==3.0.4"
        },
        "cssselect": {
            "hashes": [
                "sha256:4f5f799a1d3182b04814007e9e7fc6c362f4489c7420d6b348cc901ece07ced9",
                "sha256:73db1c054b9348409e2862fc6c0dde5c4e4fbe4da64c5c5a9e05fbea45744077"
            ],
            "version": "==1.0.1"
        },
        "hashids": {
            "hashes": [
                "sha256:6539b892a426e75747a9c0ad69409e9566f9c21b79310fc3424b5b6726f28da6"
            ],
            "version": "==1.2.0"
        },
        "html5lib": {
            "hashes": [
                "sha256:b8934484cf22f1db684c0fae27569a0db404d0208d20163fbf51cc537245d008",
                "sha256:ee747c0ffd3028d2722061936b5c65ee4fe13c8e4613519b4447123fc4546298"
            ],
            "version": "==0.999999999"
        },
        "lxml": {
            "hashes": [
                "sha256:41f59cbdab232f11680d5d4dec9f2e6782fd24d78e37ee833447702e34e675f4",
                "sha256:e7e41d383f19bab9d57f5f3b18d158655bcd682e7e723f441b9e183e1e35a6b5",
                "sha256:155521c337acecf8202091cff85bb9f709f238130ebadf04280fb1db11f5ad8b",
                "sha256:d2c985d2460b81c6ca5feb8b86f1bc594ad59405d0bdf68626b85852b701553c",
                "sha256:950e63387514aa1b881eba5ac6cb2ec51a118b3dafe99dd80ca19d8fb0142f30",
                "sha256:470d7ce41e8047208ba1a376560bad17f1468df1f3097bc83902b26cfafdbb0c",
                "sha256:e608839a5ee2180164424ccf279c8e2d9bbe8816d002c58fd97d6b621ba4aa94",
                "sha256:87a66bcadac270fc010cb029022a93fc722bf1204a8b03e782d4c790f0edf7ca",
                "sha256:2dedfeeecc2d5a939cf622602f5a1ce443ca82407f386880f739f1a9f08053ad",
                "sha256:ba05732e4bcf59e948f61588851dcf620fd60d5bbd9d704203e5f59bbaa60219",
                "sha256:2190266059fec3c5a55f9d6c30532c64c6d414d3228909c0af573fe4907e78d1",
                "sha256:dd291debfaa535d9cb6cee8d7aca2328775e037d02d13f1634e57f49bc302cc4",
                "sha256:29a36e354c39b2e24bc4ee103de53417ebb80f976a6ab9e8d093d559e2ac03e1",
                "sha256:e37427d5a27eefbcfc48847e0b37f348113fac7280bc857421db39ffc6372570",
                "sha256:b106d4d2383382399ad82108fd187e92f40b1c90f55c2d36bbcb1c44bcf940fc",
                "sha256:0ee07da52d240f1dc3c83eef5cd5f1b7f018226c1121f2a54d446645779a6d17",
                "sha256:3b33549fb8f91b38a7500078242b03cca513f3412a2cdae722e89bf83f95971d",
                "sha256:4c12e90886d9c53ab434c8d0cebea122321cce19614c3c6b6d1a7700d7cc6212",
                "sha256:79322000279cda10b53c374d53ca632ead3bc51c6aebf8e62c8fa93a4d08b750",
                "sha256:6cba398eb37e0631e60e0e080c101cfe91769b2c8267105b64b4625e2581ea21",
                "sha256:49a655956f8de69e1258bc0fcfc43eb3bd1e038655784d77d1869b4b81444e37",
                "sha256:af8a5373241d09b8fc53e0490e1719ce5dc90a21b19db89b6596c1adcdd52270",
                "sha256:e6b6698415c7e8d227a47a3b1038e1b37c2b438a1b48c2db7ad9e74ddbcd1149",
                "sha256:155c916cf2645b4a8f2bd5d09065e92d1b67b8d464bdc001e0b524af84bedf6f",
                "sha256:fa7320679ced5e25b20203d157280680fc84eb783b6cc650cb0c98e1858b7dd3",
                "sha256:4187c4b0cefc3353181db048c51f42c489d9ac51e40b86c4851dc0671372971d",
                "sha256:d5d29663e979e83b3fc361e97200f959cddb3a14797391d15273d84a5a8ae44b",
                "sha256:940caef1ec7c78e0c34b0f6b94fe42d0f2022915ffc78643d28538a5cfd0f40e"
            ],
            "version": "==4.1.1"
        },
        "multidict": {
            "hashes": [
                "sha256:d12dfcff45b5c0eb3d586289cbf928012e75f93f10f4b9d7af903acb07b3c226",
                "sha256:f7deb65a184cbe757faaf4c6d2b8f203cb1a11dd44603a34d7befc343253d5bf",
                "sha256:80ad69b8330135b52a6da7a1f0ab6a278025bb72ea08768966785c829f515a6f",
                "sha256:3261b631cd6d079e6a20def3306b433794f800ea896dce4f1d5e833ad9bf6f26",
                "sha256:80e2bd17ea98fe77867771e1ee03433a54fa492a8413966a6caa766bdd6d6e62",
                "sha256:8eb59892040198741944eafca0c34be4da6b58be7fddf6e491a2d9e7e1767548",
                "sha256:24ec0d645ca70981e1c84e97e48c874b47f4970a173c8c751be9c213a8658e40",
                "sha256:167558cfb7c43077b3d8602142109f2b52fae0841a7ff97eb0a7443db199f303",
                "sha256:80abc93d197e24fb7c5aa5a8be3eacbcbc7115a2ff64e46162a4c2b46cd2f75a",
                "sha256:ff2b92a41df2e4c5cafaefb782469f3e6053ed00026d75a398521096192d0408",
                "sha256:5cfb63f0ddfa86ce6e80eee64e4fe886f9dfdb6dbbd724997bccb66513b0e29f",
                "sha256:50dac1151e34974b04419073ee9726f4180c6daf3454fd4af258824a19ad8c1d",
                "sha256:ebf1ba2af62dbaa37cf3db346830bb43d40d05a5f1f1966888a620f9b795e7c7",
                "sha256:3f513f3bf933d7cb6f5741f6676d4fac1e96aa634161c071974f9bb86a7bbac9",
                "sha256:ef6dc6e2d51b6058aa62cdd44dbf02c250c19eee6ff0065babc0ac126b068d43",
                "sha256:90dc3b8fefc58a865d64957f8f901d724250ba2a40e02f49d0df0103e96f5afa",
                "sha256:70630854b820d73ae102440123df38c983d77cd4ae444f3930a6bb6bbda87b76",
                "sha256:faf2b6447521d2075d03fb5e7c5467bac68f67df1c69e034ebca3afb6b3c619d",
                "sha256:eb7d5d39463137726138fc14c8458131136b8f4b06ba65f1cecd7aa6abe91df1",
                "sha256:fa04df1503fae7045883c57db47ba0c07de2ebe4a91c3e64d56f20d3d99e5dc8",
                "sha256:bce16633f3ee88863e4c9bcd7e037a6133c56fd9e7e7c0776bbaeeddcf154ac4",
                "sha256:f82e61c7408ed0dce1862100db55595481911f159d6ddec0b375d35b6449509b"
            ],
            "version": "==3.3.2"
        },
        "pprintpp": {
            "hashes": [
                "sha256:7beb0a75214d19f66e89624401eaa4d18c4007d55740bf882bdb81956059dcdf",
                "sha256:9fe5fe885f7cb5a1e95dedc4e89d8ef177110b3eda7cf07b6060e518cb2085c4"
            ],
            "version": "==0.3.0"
        },
        "pycares": {
            "hashes": [
                "sha256:3f288586592c697109b2b06e3988b7e17d9765887b5fc367010ee8500cbddc86",
                "sha256:8a39d03bd99ea191f86b990ef67ecce878d6bf6518c5cde9173fb34fb36beb5e",
                "sha256:d8637bcc2f901aa61ec1d754abc862f9f145cb0346a0249360df4c159377018e",
                "sha256:b95b339c11d824f0bb789d31b91c8534916fcbdce248cccce216fa2630bb8a90",
                "sha256:8ea263de8bf1a30b0d87150b4aa0e3203cf93bc1723ea3e7408a7d25e1299217",
                "sha256:e72fa163f37ae3b09f143cc6690a36f012d13e905d142e1beed4ec0e593ff657",
                "sha256:40134cee03c8bbfbc644d4c0bc81796e12dd012a5257fb146c5a5417812ee5f7",
                "sha256:e2446577eeea79d2179c9469d9d4ce3ab8a07d7985465c3cb91e7d74abc329b6",
                "sha256:11c0ff3ccdb5a838cbd59a4e59df35d31355a80a61393bca786ca3b44569ba10",
                "sha256:7b18fab0ed534a898552df91bc804bd62bb3a2646c11e054baca14d23663e1d6",
                "sha256:722f5d2c5f78d47b13b0112f6daff43ce4e08e8152319524d14f1f917cc5125e",
                "sha256:bbfd9aba1e172cd2ab7b7142d49b28cf44d6451c4a66a870aff1dc3cb84849c7",
                "sha256:f50be4dd53f009cfb4b98c3c6b240e18ff9b17e3f1c320bd594bb83eddabfcb2",
                "sha256:943e2dc67ff45ab4c81d628c959837d01561d7e185080ab7a276b8ca67573fb5",
                "sha256:3a2234516f7db495083d8bba0ccdaabae587e62cfcd1b8154d5d0b09d3a48dfc",
                "sha256:9d56a54c93e64b30c0d31f394d9890f175edec029cd846221728f99263cdee82",
                "sha256:371ce688776da984c4105c8ca760cc60944b9b49ccf8335c71dc7669335e6173",
                "sha256:0e81c971236bb0767354f1456e67ab6ae305f248565ce77cd413a311f9572bf5",
                "sha256:f32b7c63094749fbc0c1106c9a785666ec8afd49ecfe7002a30bb7c42e62b47c",
                "sha256:170d62bd300999227e64da4fa85459728cc96e62e44780bbc86a915fdae01f78",
                "sha256:36f4c03df57c41a87eb3d642201684eb5a8bc194f4bafaa9f60ee6dc0aef8e40"
            ],
            "version": "==2.3.0"
        },
        "six": {
            "hashes": [
                "sha256:832dc0e10feb1aa2c68dcc57dbb658f1c7e65b9b61af69048abc87a2db00a0eb",
                "sha256:70e8a77beed4562e7f14fe23a786b54f6296e34344c23bc42f07b15018ff98e9"
            ],
            "version": "==1.11.0"
        },
        "sqlalchemy": {
            "hashes": [
                "sha256:8b79a5ed91cdcb5abe97b0045664c55c140aec09e5dd5c01303e23de5fe7a95a"
            ],
            "version": "==1.1.15"
        },
        "webencodings": {
            "hashes": [
                "sha256:a0af1213f3c2226497a97e2b3aa01a7e4bee4f403f95be16fc9acd2947514a78",
                "sha256:b36a1c245f2d304965eb4e0a82848379241dc04b865afcc4aab16748587e1923"
            ],
            "version": "==0.5.1"
        },
        "yarl": {
            "hashes": [
                "sha256:bd2155dc2fec1c4703404387376863fd13cf5e080950b2ad2aa1145bcd65aa6a",
                "sha256:a4fa02a86aa753a7ae08525c76a5ea099fe246ec645b252a353c4e5c4e38fae5",
                "sha256:a2f7dbbfa3f360adced0116e600e24b0fbef4ff1a11235309818ac8c2aabddac",
                "sha256:e0157aca55a555bff824c2dc2d30c2a8adfa768e0ca8168f2b614920475522a0",
                "sha256:b2df0dd3db8b39a51e5a7856a3969166a140f7f316e05deea0c696f58a4472da",
                "sha256:fc5598d6bde4a2333109e9b90d246a61ef4a73e201329de0f0bcd7271d71b2dc",
                "sha256:366c2021db3ed548c4cebb2e1ff7cd7e22975e3bf31519464c11c257e80e056f",
                "sha256:58aba6b30e015f2731847eb608d0c38435a26a7c7eb8ca4111a39bd36b393bd0",
                "sha256:5bd238a100be1438a3797fe2e793001b641adcd239b033d73e680bd5d7e07520",
                "sha256:aac9baad9bc9a428d3abc1737862b2bfe818a6a3ccc6b8341dc62eb3b7f2b134",
                "sha256:2aa32de85de42407c1c949c5c0b998d3805ffd4531a9a3b2dc81c5b6a8174b91",
                "sha256:aa9db9e3bf718ea0c0905fa8076e07486b3357688181cb430674bf26f2ce0acd",
                "sha256:06b3a0d00aebf64b269a3410ec079386f5091e7603796da6644dff08f427737a"
            ],
            "version": "==0.15.0"
        }
    },
    "develop": {
        "attrs": {
            "hashes": [
                "sha256:e7d51b70f19a4da5fe6b3c9938983e0af3b91e230edc504bd73c443d98037063",
                "sha256:c78f53e32d7cf36d8597c8a2c7e3c0ad210f97b9509e152e4c37fa80869f823c"
            ],
            "version": "==17.3.0"
        },
        "colorama": {
            "hashes": [
                "sha256:463f8483208e921368c9f306094eb6f725c6ca42b0f97e313cb5d5512459feda",
                "sha256:48eb22f4f8461b1df5734a074b57042430fb06e1d61bd1e11b078c0fe6d7a1f1"
            ],
            "markers": "sys_platform == 'win32'",
            "version": "==0.3.9"
        },
        "pluggy": {
            "hashes": [
                "sha256:7f8ae7f5bdf75671a718d2daf0a64b7885f74510bcd98b1a0bb420eb9a9d0cff"
            ],
            "version": "==0.6.0"
        },
        "py": {
            "hashes": [
                "sha256:8cca5c229d225f8c1e3085be4fcf306090b00850fefad892f9d96c7b6e2f310f",
                "sha256:ca18943e28235417756316bfada6cd96b23ce60dd532642690dcfdaba988a76d"
            ],
            "version": "==1.5.2"
        },
        "pytest": {
            "hashes": [
                "sha256:72186b294cc88322a4427225fdb9240c95e3f01cc53c1ea4f4f79ffe39ff1955",
                "sha256:6db1c070aa412c30647b6aeb13c55670f900cf00fbafa003cdde560c3f4a8d76"
            ],
            "version": "==3.3.0"
        },
        "six": {
            "hashes": [
                "sha256:832dc0e10feb1aa2c68dcc57dbb658f1c7e65b9b61af69048abc87a2db00a0eb",
                "sha256:70e8a77beed4562e7f14fe23a786b54f6296e34344c23bc42f07b15018ff98e9"
            ],
            "version": "==1.11.0"
        },
        "toml": {
            "hashes": [],
            "version": "==0.9.3.1"
        }
    }
}
